
Microsoft Visual Studio Solution File, Format Version 12.00
# Visual Studio Version 17
VisualStudioVersion = 17.11.35222.181
MinimumVisualStudioVersion = 10.0.40219.1
Project("{FAE04EC0-301F-11D3-BF4B-00C04F79EFBC}") = "ConsoleApp3", "ConsoleApp3.csproj", "{F34D3209-620B-4448-A98D-DEE09A907F63}"
EndProject
Global
	GlobalSection(SolutionConfigurationPlatforms) = preSolution
		Debug|Any CPU = Debug|Any CPU
		Release|Any CPU = Release|Any CPU
	EndGlobalSection
	GlobalSection(ProjectConfigurationPlatforms) = postSolution
		{F34D3209-620B-4448-A98D-DEE09A907F63}.Debug|Any CPU.ActiveCfg = Debug|Any CPU
		{F34D3209-620B-4448-A98D-DEE09A907F63}.Debug|Any CPU.Build.0 = Debug|Any CPU
		{F34D3209-620B-4448-A98D-DEE09A907F63}.Release|Any CPU.ActiveCfg = Release|Any CPU
		{F34D3209-620B-4448-A98D-DEE09A907F63}.Release|Any CPU.Build.0 = Release|Any CPU
	EndGlobalSection
	GlobalSection(SolutionProperties) = preSolution
		HideSolutionNode = FALSE
	EndGlobalSection
	GlobalSection(ExtensibilityGlobals) = postSolution
		SolutionGuid = {0089421F-47A2-4170-A1F5-481D9D651DC9}
	EndGlobalSection
EndGlobal
