
Microsoft Visual Studio Solution File, Format Version 12.00
# Visual Studio Version 17
VisualStudioVersion = 17.11.35222.181
MinimumVisualStudioVersion = 10.0.40219.1
Project("{FAE04EC0-301F-11D3-BF4B-00C04F79EFBC}") = "ConsoleApp6", "ConsoleApp6.csproj", "{E21BF044-9154-47CB-904E-73393B82D21E}"
EndProject
Global
	GlobalSection(SolutionConfigurationPlatforms) = preSolution
		Debug|Any CPU = Debug|Any CPU
		Release|Any CPU = Release|Any CPU
	EndGlobalSection
	GlobalSection(ProjectConfigurationPlatforms) = postSolution
		{E21BF044-9154-47CB-904E-73393B82D21E}.Debug|Any CPU.ActiveCfg = Debug|Any CPU
		{E21BF044-9154-47CB-904E-73393B82D21E}.Debug|Any CPU.Build.0 = Debug|Any CPU
		{E21BF044-9154-47CB-904E-73393B82D21E}.Release|Any CPU.ActiveCfg = Release|Any CPU
		{E21BF044-9154-47CB-904E-73393B82D21E}.Release|Any CPU.Build.0 = Release|Any CPU
	EndGlobalSection
	GlobalSection(SolutionProperties) = preSolution
		HideSolutionNode = FALSE
	EndGlobalSection
	GlobalSection(ExtensibilityGlobals) = postSolution
		SolutionGuid = {983E2899-2F8E-4922-B158-CAD972C38663}
	EndGlobalSection
EndGlobal
